{
  "projects": [
    {
      "projectId": "ohDidvG9XsCeFumugENU3J",
      "version": "3.6.0",
      "dependencies": {},
      "lang": "js",
      "fileLocks": [
        {
          "assetId": "ohDidvG9XsCeFumugENU3J",
          "checksum": "73de8759f6c0d9a50948d6d3d7bf794b",
          "type": "globalContexts"
        },
        {
          "assetId": "ohDidvG9XsCeFumugENU3J",
          "type": "projectCss",
          "checksum": "93726672d70545e454fbe5134deec821"
        }
      ],
      "codegenVersion": "0.0.1"
    },
    {
      "projectId": "hDnb1e9HU6FSLTm6gTNrXy",
      "version": "latest",
      "dependencies": {
        "ohDidvG9XsCeFumugENU3J": "3.6.0"
      },
      "lang": "js",
      "fileLocks": [
        {
          "assetId": "hDnb1e9HU6FSLTm6gTNrXy",
          "checksum": "83f6ec1d8ed6c8175255bc831a79ea21",
          "type": "globalContexts"
        },
        {
          "type": "renderModule",
          "assetId": "Tdonqa4iUaLQ1",
          "checksum": "e63e0a9bac8904f1004a14512a31581d"
        },
        {
          "type": "cssRules",
          "assetId": "Tdonqa4iUaLQ1",
          "checksum": "e63e0a9bac8904f1004a14512a31581d"
        },
        {
          "type": "renderModule",
          "assetId": "AHh7KC16rBitd",
          "checksum": "50c5122fb867ed7010a48c63ba315dce"
        },
        {
          "type": "cssRules",
          "assetId": "AHh7KC16rBitd",
          "checksum": "50c5122fb867ed7010a48c63ba315dce"
        },
        {
          "type": "renderModule",
          "assetId": "HKS-4yiT-Ecwy",
          "checksum": "a7ea90c88c85805558a6e6f03e1a193a"
        },
        {
          "type": "cssRules",
          "assetId": "HKS-4yiT-Ecwy",
          "checksum": "a7ea90c88c85805558a6e6f03e1a193a"
        },
        {
          "type": "renderModule",
          "assetId": "_8f2R2hBko4xI0",
          "checksum": "becd1bb2261f5c3bb9656a91c344b34d"
        },
        {
          "type": "cssRules",
          "assetId": "_8f2R2hBko4xI0",
          "checksum": "becd1bb2261f5c3bb9656a91c344b34d"
        },
        {
          "type": "renderModule",
          "assetId": "fcu4HqFzn48_wd",
          "checksum": "648bf64305764bf9e45dbfcde4d09df8"
        },
        {
          "type": "cssRules",
          "assetId": "fcu4HqFzn48_wd",
          "checksum": "648bf64305764bf9e45dbfcde4d09df8"
        },
        {
          "type": "renderModule",
          "assetId": "FFGoaKT1L0P1Ix",
          "checksum": "21fd97b5cd6f707f5896e42f5e8cc178"
        },
        {
          "type": "cssRules",
          "assetId": "FFGoaKT1L0P1Ix",
          "checksum": "21fd97b5cd6f707f5896e42f5e8cc178"
        },
        {
          "type": "renderModule",
          "assetId": "3S3ZyIsQNW",
          "checksum": "aedd8d55e590afde6cac194680563b0a"
        },
        {
          "type": "cssRules",
          "assetId": "3S3ZyIsQNW",
          "checksum": "aedd8d55e590afde6cac194680563b0a"
        },
        {
          "type": "renderModule",
          "assetId": "Soagzd45Lm",
          "checksum": "39925e36ba778d48b502006224f5b179"
        },
        {
          "type": "cssRules",
          "assetId": "Soagzd45Lm",
          "checksum": "39925e36ba778d48b502006224f5b179"
        },
        {
          "type": "icon",
          "assetId": "RcdW2ObP5Rbvjk",
          "checksum": "8173a0688d879a2802cdf899e5b72234"
        },
        {
          "type": "icon",
          "assetId": "Pu0iNXouDzTi9N",
          "checksum": "680aa67367c5d577c6daaef3ce17aa12"
        },
        {
          "type": "icon",
          "assetId": "J7WCCLHpj8Ajhn",
          "checksum": "e4bdab973a29cba000d57c30b4ff8bda"
        },
        {
          "type": "icon",
          "assetId": "NR3wpnAxk51_Em",
          "checksum": "ec6f7c5002647c356c2e80b84091712e"
        },
        {
          "type": "icon",
          "assetId": "4uGdJ9Hew_Q-Ku",
          "checksum": "290a73744c1bce0e5b3e6391b98a26e3"
        },
        {
          "type": "icon",
          "assetId": "D_wuTR0nVdOVcB",
          "checksum": "94f0c382b7899d07b3ac531ecd0f7457"
        },
        {
          "type": "icon",
          "assetId": "nDourzgRy6mL0K",
          "checksum": "845e1a8e75e9b7c2cc8d0d2cdce07ac2"
        },
        {
          "type": "icon",
          "assetId": "dCfqdgu1apPNVp",
          "checksum": "beaa9adf5f51d28a13f97ba5bc2dd683"
        },
        {
          "type": "icon",
          "assetId": "OyrUyPMqPLbo6d",
          "checksum": "ec4a9af3b539111421ffed7e4b0a6dd6"
        },
        {
          "type": "icon",
          "assetId": "gMbIiNP9XGzFgo",
          "checksum": "5fceb07b6c0a9ecb3d90e0a176441a25"
        },
        {
          "type": "image",
          "assetId": "RiIXSPerBcwlUi",
          "checksum": "161ef73ae98b29d01758955f461361bb"
        },
        {
          "type": "image",
          "assetId": "CWZxWIrY8zOJTC",
          "checksum": "cb5636f1bd1c33bdd3533b976c0a738c"
        },
        {
          "type": "image",
          "assetId": "4jBUQ9dQhixgCc",
          "checksum": "5550c0a6dec7e9bef17bedc2a752cc33"
        },
        {
          "type": "image",
          "assetId": "W4pYeXUQFJEw2m",
          "checksum": "943d387cf25153a585ea1c5672d546c6"
        },
        {
          "type": "image",
          "assetId": "W7NImpArpJe_1u",
          "checksum": "81c5cddbfebaf67d3a0d0a958bdc2b22"
        },
        {
          "type": "image",
          "assetId": "aggJ6Ar4v_Od5z",
          "checksum": "c365214d3ece127f0b4b944edf5c0aae"
        },
        {
          "type": "image",
          "assetId": "wqCEuF8CyMlWN6",
          "checksum": "270e3e17006a380b51462c5ef184c024"
        },
        {
          "type": "image",
          "assetId": "fZfu9JbEOP6RXF",
          "checksum": "73d3f199bab5f7a1794d0d955e858eda"
        },
        {
          "type": "image",
          "assetId": "hU5H7WYo86MObl",
          "checksum": "547d8928c7b7cf72af6f6645cb1929cc"
        },
        {
          "type": "image",
          "assetId": "fejONTqj9d62HG",
          "checksum": "d6315cafcee5432a6f100933c58535c5"
        },
        {
          "type": "image",
          "assetId": "mTTm2jbiBOLjGu",
          "checksum": "9bf00dbe66a0c2f17e0522b403b5b70a"
        },
        {
          "type": "image",
          "assetId": "9D6gKa3_1XBIHw",
          "checksum": "0dfc61b2ca6137a1ef5ee2722bea9dd7"
        },
        {
          "type": "image",
          "assetId": "LgXY7V91D3wgmo",
          "checksum": "e20022b03e806351647b719d54ee4762"
        },
        {
          "type": "image",
          "assetId": "1DAQ56rj2Fu2-r",
          "checksum": "fe2a943a4de97d53afee8138185119c4"
        },
        {
          "type": "image",
          "assetId": "2pLqtCmGPLw3vu",
          "checksum": "d914c1f5aca2b67e8321b82011c1546a"
        },
        {
          "type": "image",
          "assetId": "_bKeCK6--PMD5E",
          "checksum": "2a8fc696c149d0099a67cbfd4a1ea670"
        },
        {
          "type": "image",
          "assetId": "bIHSO5wxTxM-Om",
          "checksum": "6c34ae37287f28ef0d2ee8a2b4e3ff33"
        },
        {
          "type": "image",
          "assetId": "lGdd5GtKM7rnJz",
          "checksum": "04d72ca1a0a6b97228c954524c50112b"
        },
        {
          "type": "image",
          "assetId": "QamgvcZQTMwPmE",
          "checksum": "fe8903ec87b230d5685ad0f17dafd071"
        },
        {
          "type": "image",
          "assetId": "HzdMhPlQ-c8xda",
          "checksum": "68611ca5971407b120303f0bb16ac062"
        },
        {
          "type": "image",
          "assetId": "1YRK-0U6Bvx2Ph",
          "checksum": "86cb6dfdfc7b0b09a9c0bdd15676b0fd"
        },
        {
          "type": "image",
          "assetId": "lQtmk_PFzf8cMH",
          "checksum": "3f69888ff556b4c81ca2a68b30a80151"
        },
        {
          "type": "image",
          "assetId": "7ecAyfUUc",
          "checksum": "a7476b0d4c04167fa796573514db64df"
        },
        {
          "type": "image",
          "assetId": "7RfyjKjSg",
          "checksum": "f5feb7b2062665f03d5e13d94ea98262"
        },
        {
          "type": "renderModule",
          "assetId": "2OfHUDT1yAk",
          "checksum": "00d138473a5d4ded51c635117cb7c2cf"
        },
        {
          "type": "cssRules",
          "assetId": "2OfHUDT1yAk",
          "checksum": "00d138473a5d4ded51c635117cb7c2cf"
        },
        {
          "type": "renderModule",
          "assetId": "khpp2BaapwX",
          "checksum": "0b561c726e0eeee2a2b55f8d6e02085e"
        },
        {
          "type": "cssRules",
          "assetId": "khpp2BaapwX",
          "checksum": "0b561c726e0eeee2a2b55f8d6e02085e"
        },
        {
          "assetId": "hDnb1e9HU6FSLTm6gTNrXy",
          "type": "projectCss",
          "checksum": "e5583703cfa1bb5cdb0e0ef52e6840af"
        }
      ],
      "codegenVersion": "0.0.1"
    }
  ],
  "cliVersion": "0.1.269"
}
